
Microsoft Visual Studio Solution File, Format Version 12.00
# Visual Studio Version 17
VisualStudioVersion = 17.10.35013.160
MinimumVisualStudioVersion = 10.0.40219.1
Project("{FAE04EC0-301F-11D3-BF4B-00C04F79EFBC}") = "ConsoleApp1", "ConsoleApp1\ConsoleApp1.csproj", "{760758EA-140A-4C59-A311-5B24DCDCDF82}"
EndProject
Global
	GlobalSection(SolutionConfigurationPlatforms) = preSolution
		Debug|Any CPU = Debug|Any CPU
		Release|Any CPU = Release|Any CPU
	EndGlobalSection
	GlobalSection(ProjectConfigurationPlatforms) = postSolution
		{760758EA-140A-4C59-A311-5B24DCDCDF82}.Debug|Any CPU.ActiveCfg = Debug|Any CPU
		{760758EA-140A-4C59-A311-5B24DCDCDF82}.Debug|Any CPU.Build.0 = Debug|Any CPU
		{760758EA-140A-4C59-A311-5B24DCDCDF82}.Release|Any CPU.ActiveCfg = Release|Any CPU
		{760758EA-140A-4C59-A311-5B24DCDCDF82}.Release|Any CPU.Build.0 = Release|Any CPU
	EndGlobalSection
	GlobalSection(SolutionProperties) = preSolution
		HideSolutionNode = FALSE
	EndGlobalSection
	GlobalSection(ExtensibilityGlobals) = postSolution
		SolutionGuid = {8843F1E9-6B9F-43B3-B863-32BE8B1529F9}
	EndGlobalSection
EndGlobal
